
Microsoft Visual Studio Solution File, Format Version 12.00
# Visual Studio 15
VisualStudioVersion = 15.0.28307.329
MinimumVisualStudioVersion = 10.0.40219.1
Project("{FAE04EC0-301F-11D3-BF4B-00C04F79EFBC}") = "CelsiusToFahrenheit", "Dia_Ketto\CelsiusToFahrenheit.csproj", "{F8A421E9-FDE4-456D-BBB2-1036D7EADE07}"
EndProject
Global
	GlobalSection(SolutionConfigurationPlatforms) = preSolution
		Debug|Any CPU = Debug|Any CPU
		Release|Any CPU = Release|Any CPU
	EndGlobalSection
	GlobalSection(ProjectConfigurationPlatforms) = postSolution
		{F8A421E9-FDE4-456D-BBB2-1036D7EADE07}.Debug|Any CPU.ActiveCfg = Debug|Any CPU
		{F8A421E9-FDE4-456D-BBB2-1036D7EADE07}.Debug|Any CPU.Build.0 = Debug|Any CPU
		{F8A421E9-FDE4-456D-BBB2-1036D7EADE07}.Release|Any CPU.ActiveCfg = Release|Any CPU
		{F8A421E9-FDE4-456D-BBB2-1036D7EADE07}.Release|Any CPU.Build.0 = Release|Any CPU
	EndGlobalSection
	GlobalSection(SolutionProperties) = preSolution
		HideSolutionNode = FALSE
	EndGlobalSection
	GlobalSection(ExtensibilityGlobals) = postSolution
		SolutionGuid = {0E2AD945-ABBA-4D9B-8E5D-E94288EFD881}
	EndGlobalSection
EndGlobal
